
Microsoft Visual Studio Solution File, Format Version 10.00
# Visual Studio 2008
Project("{8BC9CEB8-8B4A-11D0-8D11-00A0C91BC942}") = "libreactor", "reactor.vcproj", "{2044CF0C-66B3-4B21-BF9E-93AA2A77C92F}"
EndProject
Project("{8BC9CEB8-8B4A-11D0-8D11-00A0C91BC942}") = "server", "server.vcproj", "{72688AB7-4A83-402A-97C7-204D7F1A1750}"
EndProject
Project("{8BC9CEB8-8B4A-11D0-8D11-00A0C91BC942}") = "client", "client.vcproj", "{C4C636BE-D8EA-4E31-8963-83609AD2C3C9}"
EndProject
Global
	GlobalSection(SolutionConfigurationPlatforms) = preSolution
		Debug|Win32 = Debug|Win32
		Release|Win32 = Release|Win32
	EndGlobalSection
	GlobalSection(ProjectConfigurationPlatforms) = postSolution
		{2044CF0C-66B3-4B21-BF9E-93AA2A77C92F}.Debug|Win32.ActiveCfg = Debug|Win32
		{2044CF0C-66B3-4B21-BF9E-93AA2A77C92F}.Debug|Win32.Build.0 = Debug|Win32
		{2044CF0C-66B3-4B21-BF9E-93AA2A77C92F}.Release|Win32.ActiveCfg = Release|Win32
		{2044CF0C-66B3-4B21-BF9E-93AA2A77C92F}.Release|Win32.Build.0 = Release|Win32
		{72688AB7-4A83-402A-97C7-204D7F1A1750}.Debug|Win32.ActiveCfg = Debug|Win32
		{72688AB7-4A83-402A-97C7-204D7F1A1750}.Debug|Win32.Build.0 = Debug|Win32
		{72688AB7-4A83-402A-97C7-204D7F1A1750}.Release|Win32.ActiveCfg = Release|Win32
		{72688AB7-4A83-402A-97C7-204D7F1A1750}.Release|Win32.Build.0 = Release|Win32
		{C4C636BE-D8EA-4E31-8963-83609AD2C3C9}.Debug|Win32.ActiveCfg = Debug|Win32
		{C4C636BE-D8EA-4E31-8963-83609AD2C3C9}.Debug|Win32.Build.0 = Debug|Win32
		{C4C636BE-D8EA-4E31-8963-83609AD2C3C9}.Release|Win32.ActiveCfg = Release|Win32
		{C4C636BE-D8EA-4E31-8963-83609AD2C3C9}.Release|Win32.Build.0 = Release|Win32
	EndGlobalSection
	GlobalSection(SolutionProperties) = preSolution
		HideSolutionNode = FALSE
	EndGlobalSection
EndGlobal
